
Microsoft Visual Studio Solution File, Format Version 12.00
# Visual Studio 15
VisualStudioVersion = 15.0.28307.271
MinimumVisualStudioVersion = 10.0.40219.1
Project("{FAE04EC0-301F-11D3-BF4B-00C04F79EFBC}") = "Send To Firebase", "Send To Firebase\Send To Firebase.csproj", "{882BA481-EBB7-4EAF-8A95-3E0702FEE837}"
EndProject
Global
	GlobalSection(SolutionConfigurationPlatforms) = preSolution
		Debug|Any CPU = Debug|Any CPU
		Release|Any CPU = Release|Any CPU
	EndGlobalSection
	GlobalSection(ProjectConfigurationPlatforms) = postSolution
		{882BA481-EBB7-4EAF-8A95-3E0702FEE837}.Debug|Any CPU.ActiveCfg = Debug|Any CPU
		{882BA481-EBB7-4EAF-8A95-3E0702FEE837}.Debug|Any CPU.Build.0 = Debug|Any CPU
		{882BA481-EBB7-4EAF-8A95-3E0702FEE837}.Release|Any CPU.ActiveCfg = Release|Any CPU
		{882BA481-EBB7-4EAF-8A95-3E0702FEE837}.Release|Any CPU.Build.0 = Release|Any CPU
	EndGlobalSection
	GlobalSection(SolutionProperties) = preSolution
		HideSolutionNode = FALSE
	EndGlobalSection
	GlobalSection(ExtensibilityGlobals) = postSolution
		SolutionGuid = {94D6CD91-3AE8-489A-96CA-104FB135E71B}
	EndGlobalSection
EndGlobal
